// !$*UTF8*$!
{
	archiveVersion = 1;
	classes = {
	};
	objectVersion = 77;
	objects = {

/* Begin PBXBuildFile section */
		0472FBE04E76A45E27C5121C /* VehicleStore.swift in Sources */ = {isa = PBXBuildFile; fileRef = 4B9FD10B5C48C0410259687C /* VehicleStore.swift */; };
		05ABE066D71AE1BA75693840 /* FirebaseMessaging in Frameworks */ = {isa = PBXBuildFile; productRef = B5D39E43E8CCB77BFC9B1CE6 /* FirebaseMessaging */; };
		05DC60EF173B5405A3393C92 /* WhenChipsRow.swift in Sources */ = {isa = PBXBuildFile; fileRef = D29022161873C64FFC40CE53 /* WhenChipsRow.swift */; };
		06FFD5B6A277A4D2FEA6EE9D /* JourneyDetailView.swift in Sources */ = {isa = PBXBuildFile; fileRef = CC6A49E656E895E7FDCD1E96 /* JourneyDetailView.swift */; };
		07D82C491BAFD5FA8A68965E /* ShaderPlaygroundView.swift in Sources */ = {isa = PBXBuildFile; fileRef = AB215263A64BE0882D67B1F3 /* ShaderPlaygroundView.swift */; };
		093E157BE0797EEFDBE6DE7A /* FavoritesListView.swift in Sources */ = {isa = PBXBuildFile; fileRef = 4A20EEA199B52A3A2B66325A /* FavoritesListView.swift */; };
		0D3364F8923B6F37D3DD18D1 /* StopsListView.swift in Sources */ = {isa = PBXBuildFile; fileRef = 9601C0115B556918E079DD02 /* StopsListView.swift */; };
		0E3B58D6D489F95CFD11E41D /* PlannerScreen.swift in Sources */ = {isa = PBXBuildFile; fileRef = E06DDEBAA46B9DDB09944BFF /* PlannerScreen.swift */; };
		104BD8CFDE2B1FD1AC43E64C /* SearchHistoryStore.swift in Sources */ = {isa = PBXBuildFile; fileRef = 55B43C749CFDA933F18B4CD4 /* SearchHistoryStore.swift */; };
		11FD835B0A2539934E548D77 /* MapLineFocusContent.swift in Sources */ = {isa = PBXBuildFile; fileRef = 5058C4F2340AA7BEB6085B6A /* MapLineFocusContent.swift */; };
		12DD8560C237FA40F6C9984E /* LineBadge.swift in Sources */ = {isa = PBXBuildFile; fileRef = B10BEFD5CA21B9EBA3ADE1D7 /* LineBadge.swift */; };
		189C94AE0BF1C9D3D6AB86F9 /* HomeTab.swift in Sources */ = {isa = PBXBuildFile; fileRef = 9C2048933225A12B749A4D7F /* HomeTab.swift */; };
		1AB5B80CF57EA812533E06CE /* MapActiveRouteChip.swift in Sources */ = {isa = PBXBuildFile; fileRef = DA366AD2544EFE026191866B /* MapActiveRouteChip.swift */; };
		1DB7D0A77B4D8DE7DAAB9604 /* OperatorConfig.swift in Sources */ = {isa = PBXBuildFile; fileRef = 0C37683E941E3DD9C29DEA9B /* OperatorConfig.swift */; };
		1E59FD8DF62ADC4A346A4E94 /* ViewExtensions.swift in Sources */ = {isa = PBXBuildFile; fileRef = 86D750054916B9BB0AC01DD2 /* ViewExtensions.swift */; };
		21F7ABB7A17A817FB3B56E1E /* OverflowBadge.swift in Sources */ = {isa = PBXBuildFile; fileRef = B1BB2090BF4778297476635A /* OverflowBadge.swift */; };
		23DEEFDA9FD22463C9C348FD /* FilterChip.swift in Sources */ = {isa = PBXBuildFile; fileRef = A7410BEEC0AEB17E6FFB2785 /* FilterChip.swift */; };
		253B8533C1701FFDED93A5D0 /* VehicleDetailSheet.swift in Sources */ = {isa = PBXBuildFile; fileRef = 4D713C24D42DB86C1C7593BE /* VehicleDetailSheet.swift */; };
		25F8BA243D5079C094A24A2F /* TransitMapView.swift in Sources */ = {isa = PBXBuildFile; fileRef = 3467B8169A684F3587919902 /* TransitMapView.swift */; };
		2613A55B8C719E63F7C4FB48 /* PlannerLocation.swift in Sources */ = {isa = PBXBuildFile; fileRef = 0063DBA25418907674264AFF /* PlannerLocation.swift */; };
		26367F96010FDBB436444C96 /* VehicleLiveCard.swift in Sources */ = {isa = PBXBuildFile; fileRef = D12E595EE557B4B89C653DF2 /* VehicleLiveCard.swift */; };
		28924DA06A3B5D02B0C0DCB6 /* StopAnnotationView.swift in Sources */ = {isa = PBXBuildFile; fileRef = 5481BF9847C559057368FA6B /* StopAnnotationView.swift */; };
		289F832C5077F291F197874C /* ScheduleLoader.swift in Sources */ = {isa = PBXBuildFile; fileRef = F64B8B11F2D7D9CAE4F81E2B /* ScheduleLoader.swift */; };
		28B441367397CD46A65670E2 /* JourneyMapView.swift in Sources */ = {isa = PBXBuildFile; fileRef = 9EF3176A50EBF273C1004513 /* JourneyMapView.swift */; };
		2BCA1D7672AA34A413EA9F64 /* OrariTab.swift in Sources */ = {isa = PBXBuildFile; fileRef = 265421698770DB34151D287D /* OrariTab.swift */; };
		2EA54AB0AABB09A86E3ED092 /* MappaTab+Actions.swift in Sources */ = {isa = PBXBuildFile; fileRef = EAD2EE8B1342B1D8E6FD6E2E /* MappaTab+Actions.swift */; };
		30C36588F7845ED1D525B5A6 /* OperatorInfoView.swift in Sources */ = {isa = PBXBuildFile; fileRef = 283D0F017FA3ADCC43B76457 /* OperatorInfoView.swift */; };
		30E9F573C22D358FC846D364 /* StopMapSheet.swift in Sources */ = {isa = PBXBuildFile; fileRef = 24A2F8550F9D65EFD7B990BA /* StopMapSheet.swift */; };
		3235692E84FBACB998E5BBE7 /* AccessibilityInfoView.swift in Sources */ = {isa = PBXBuildFile; fileRef = F88B38614D3B793B28879C77 /* AccessibilityInfoView.swift */; };
		35FDAB23947D090227ED347E /* config.json in Resources */ = {isa = PBXBuildFile; fileRef = CC677A39447A949F646FA8DF /* config.json */; };
		379B6C3D2E804EEE3E5257C7 /* TimeDisplay.swift in Sources */ = {isa = PBXBuildFile; fileRef = 3298ECC36B6DC09D4139EC06 /* TimeDisplay.swift */; };
		403398E0C0270E51F50F67A8 /* LocationPickerView.swift in Sources */ = {isa = PBXBuildFile; fileRef = 9B3052C8C0D90F67B899028A /* LocationPickerView.swift */; };
		406C239A45ADF598DD5F88BC /* ServiceDetailView.swift in Sources */ = {isa = PBXBuildFile; fileRef = E9B060B8A74782E4B03194E6 /* ServiceDetailView.swift */; };
		41D7758909CF2E3B14B6EB55 /* AlertStore.swift in Sources */ = {isa = PBXBuildFile; fileRef = 20A26A36C7CE3B4E8EEF7069 /* AlertStore.swift */; };
		4202488BD8DE478C5F167B97 /* MapExpandedControls.swift in Sources */ = {isa = PBXBuildFile; fileRef = 50FF8B27808C0B5F4F797E8A /* MapExpandedControls.swift */; };
		4325D83B1D615E6F3F94EA06 /* LiveBadge.swift in Sources */ = {isa = PBXBuildFile; fileRef = 83BA66D57BCDF6E9BD8F67D7 /* LiveBadge.swift */; };
		43CCFBB0C53FA0CAFAF94AF0 /* Journey.swift in Sources */ = {isa = PBXBuildFile; fileRef = CDBE8C8BFED37B7CFCFCB0CA /* Journey.swift */; };
		448380EE7003795E0300450E /* GtfsRtDecoder.swift in Sources */ = {isa = PBXBuildFile; fileRef = D89EE35213444EB1DF6A8D93 /* GtfsRtDecoder.swift */; };
		4605592B594D1C24B1FF3158 /* ForceUpdateView.swift in Sources */ = {isa = PBXBuildFile; fileRef = 4A7AF31576AD7C754E281339 /* ForceUpdateView.swift */; };
		465D6AA1DFA40BA37F62011A /* ContactInfoView.swift in Sources */ = {isa = PBXBuildFile; fileRef = 091FF5A7361ED99BBA1D5BB1 /* ContactInfoView.swift */; };
		471155655BEDD99FC715AB7E /* PrivacyInfo.xcprivacy in Resources */ = {isa = PBXBuildFile; fileRef = E07F94E282CDCFF351388627 /* PrivacyInfo.xcprivacy */; };
		48C3655F40177373AD878041 /* StopMapLabel.swift in Sources */ = {isa = PBXBuildFile; fileRef = 21208B38164FE84DF7D65B2A /* StopMapLabel.swift */; };
		491FDF8B12CE9F19466E062B /* AlertListView.swift in Sources */ = {isa = PBXBuildFile; fileRef = E57AC28DB956ECD7D1B2D59C /* AlertListView.swift */; };
		5073C13E80A5BCDE7B111C6E /* AlertCard.swift in Sources */ = {isa = PBXBuildFile; fileRef = B407E0D58946BADE35443FA3 /* AlertCard.swift */; };
		522D52776600CC2D56493829 /* VehicleAnnotationView.swift in Sources */ = {isa = PBXBuildFile; fileRef = 71858BFF6C4A52232A37DF83 /* VehicleAnnotationView.swift */; };
		52C01EFE8203A5A377A4FA1D /* DeepLinkRouter.swift in Sources */ = {isa = PBXBuildFile; fileRef = 47BE6CB2EB2867D87CA8D146 /* DeepLinkRouter.swift */; };
		570955E4E445283DADAE8C0E /* EmptyStateView.swift in Sources */ = {isa = PBXBuildFile; fileRef = 282C0DBEBC4A33831DC99EBA /* EmptyStateView.swift */; };
		5785D9F624777AC708F5FC1E /* RouteOverlay.swift in Sources */ = {isa = PBXBuildFile; fileRef = AF29A33249EEAAC16698F765 /* RouteOverlay.swift */; };
		58E4307F0EF6473220F053E8 /* SkeletonView.swift in Sources */ = {isa = PBXBuildFile; fileRef = EC6BBEB0DCFFFF27DB881B02 /* SkeletonView.swift */; };
		5CE6BC26E93DA296C3720F74 /* MapCircleButton.swift in Sources */ = {isa = PBXBuildFile; fileRef = 4F2E86DB57CB4E4F5166871B /* MapCircleButton.swift */; };
		5E5B23034730E1830246C761 /* MapZoomLevels.swift in Sources */ = {isa = PBXBuildFile; fileRef = 718C5B6A9CC4184B6E40E212 /* MapZoomLevels.swift */; };
		6334A3413535A5777E38BDDE /* OnboardingStoriesView.swift in Sources */ = {isa = PBXBuildFile; fileRef = 3D9E5FECBE60202A55805E87 /* OnboardingStoriesView.swift */; };
		661FF8A42FCC29B7B74EB5C0 /* FavoritesManager.swift in Sources */ = {isa = PBXBuildFile; fileRef = DA9BD090565D8838CFA04A8B /* FavoritesManager.swift */; };
		6A0D75C54862E0398C5758E0 /* DirectionPills.swift in Sources */ = {isa = PBXBuildFile; fileRef = DAF247C63BA3D783DA4D75F5 /* DirectionPills.swift */; };
		6C28DCB58324B1AB3E1E4422 /* ExpandedMapLineTrack.swift in Sources */ = {isa = PBXBuildFile; fileRef = 3D6B59FB234811C830B4142D /* ExpandedMapLineTrack.swift */; };
		6CE652E0DDE136C66F6F0FED /* GlassCard.swift in Sources */ = {isa = PBXBuildFile; fileRef = 21DA2366D32AF5DBEACB5DC2 /* GlassCard.swift */; };
		7299B1936085CA7C0D5F426B /* Assets.xcassets in Resources */ = {isa = PBXBuildFile; fileRef = E7E5839E8A1674A88E34D940 /* Assets.xcassets */; };
		75BF9DB9D7CF61A90CEBA2E4 /* FlowLayout.swift in Sources */ = {isa = PBXBuildFile; fileRef = 02200CAFBA7484EB04E1B31A /* FlowLayout.swift */; };
		7A9F2EDF896D4F377F7AF931 /* Schedule.swift in Sources */ = {isa = PBXBuildFile; fileRef = FA83972FA950E8F68E2FB2F0 /* Schedule.swift */; };
		7E9F4D24C89CFB799F824424 /* PlannerHomeBox.swift in Sources */ = {isa = PBXBuildFile; fileRef = 488752BF581F957A86F7D779 /* PlannerHomeBox.swift */; };
		7F19B3C784E533D5471C5BAC /* MapKit.framework in Frameworks */ = {isa = PBXBuildFile; fileRef = 3ECCF222F6E839416B5E8973 /* MapKit.framework */; };
		7F5F190ECED7C0E360386483 /* TripDetailView.swift in Sources */ = {isa = PBXBuildFile; fileRef = 57168F694B2F4ED9A806021B /* TripDetailView.swift */; };
		82FA0BD72B638FC82C500106 /* AppUpdateChecker.swift in Sources */ = {isa = PBXBuildFile; fileRef = E40F32F4FBBD86EBC68D0EB3 /* AppUpdateChecker.swift */; };
		84A2B8BDA416F613EFD73749 /* LineDetailView.swift in Sources */ = {isa = PBXBuildFile; fileRef = 6FC30DB536DCC2557E2B1AF6 /* LineDetailView.swift */; };
		8560F7B08DFA544BC1BDD10C /* ScheduleDecodingTests.swift in Sources */ = {isa = PBXBuildFile; fileRef = 702A8E96E7DD20366A380819 /* ScheduleDecodingTests.swift */; };
		866260AC62EFEE67EC7A1C23 /* RemoteRoutingProvider.swift in Sources */ = {isa = PBXBuildFile; fileRef = 24740CAB0ACE9045D18AE42A /* RemoteRoutingProvider.swift */; };
		8DBC5753F101243CDB368805 /* FullScheduleSheet.swift in Sources */ = {isa = PBXBuildFile; fileRef = 271B240F2B60AA029BA142F5 /* FullScheduleSheet.swift */; };
		8E88CC564141F103CC24176B /* StopAlertsSection.swift in Sources */ = {isa = PBXBuildFile; fileRef = F1C1A030C8B3A8CBB28C9B90 /* StopAlertsSection.swift */; };
		8FC053721E290F04C1C289C0 /* OperatorTimeZone.swift in Sources */ = {isa = PBXBuildFile; fileRef = 9A54116D003C16BA9477E36C /* OperatorTimeZone.swift */; };
		91D73AB4317976D04456A5D4 /* MapSearchPill.swift in Sources */ = {isa = PBXBuildFile; fileRef = 1B464F0160D57BEE0DEF47B3 /* MapSearchPill.swift */; };
		9348F246B0AD7805171D1AC0 /* ScheduleStore.swift in Sources */ = {isa = PBXBuildFile; fileRef = FF18EC8C137B8A6F37B3A79F /* ScheduleStore.swift */; };
		970DD3E8ABA1AF549AAAC5B9 /* Localizable.xcstrings in Resources */ = {isa = PBXBuildFile; fileRef = 40C190F3ADD2E1B0E41BDFC6 /* Localizable.xcstrings */; };
		97FD1942074FBC5A30261E46 /* LocationPickerMap.swift in Sources */ = {isa = PBXBuildFile; fileRef = F8B6826165680E704A627FDF /* LocationPickerMap.swift */; };
		98A9534E14CA4F1B1DF87822 /* schedules.json in Resources */ = {isa = PBXBuildFile; fileRef = EB0D2941E87A9FC1F213D9C7 /* schedules.json */; };
		98DE59309962AC1F29836503 /* TransitKitSecrets.swift in Sources */ = {isa = PBXBuildFile; fileRef = 0CFE1A3C3B1313A7B5790B4D /* TransitKitSecrets.swift */; };
		9A874A83ACA91FBB5CE2D435 /* MapBackground.metal in Sources */ = {isa = PBXBuildFile; fileRef = 15E2A948C884E4A05BA72913 /* MapBackground.metal */; };
		9D390E6832E56529BB46181F /* LinePickerSheet.swift in Sources */ = {isa = PBXBuildFile; fileRef = A338B0B04B601C99D134BD22 /* LinePickerSheet.swift */; };
		A187D445C8D1E57438EDC41F /* ContentView.swift in Sources */ = {isa = PBXBuildFile; fileRef = 6F971BA014101FAA050D40F9 /* ContentView.swift */; };
		A1E5AD549A70349C0ED89628 /* DockIndicators.swift in Sources */ = {isa = PBXBuildFile; fileRef = 0406584969AA537889762B68 /* DockIndicators.swift */; };
		A1EC9562509A5D7B1FD08BCA /* LocationManager.swift in Sources */ = {isa = PBXBuildFile; fileRef = 1D40E7CF6F504A0493455693 /* LocationManager.swift */; };
		A651F455DD5D78C38E388882 /* TransitKitApp.swift in Sources */ = {isa = PBXBuildFile; fileRef = 7EC580DFF98B83E2C0726F26 /* TransitKitApp.swift */; };
		A70C511F5EC7CDCD85057E40 /* LineStopsMap.swift in Sources */ = {isa = PBXBuildFile; fileRef = 614EB150C4AEB6FEB5CBABDD /* LineStopsMap.swift */; };
		A7139FE92D9B81261286BE0B /* MapControlsColumn.swift in Sources */ = {isa = PBXBuildFile; fileRef = 020A8C792B1B76085DCC85E4 /* MapControlsColumn.swift */; };
		A7E7A82A3DE68C11BA6656D1 /* ConnectionsStore.swift in Sources */ = {isa = PBXBuildFile; fileRef = A171D8A0D7B978020D89F7F7 /* ConnectionsStore.swift */; };
		B26BF0A92702AB726C842EBE /* LiveVehiclesSection.swift in Sources */ = {isa = PBXBuildFile; fileRef = 789335F061C4DECB0AC4F383 /* LiveVehiclesSection.swift */; };
		B58FCF53043DB2955FCC1AA3 /* StopDetailView.swift in Sources */ = {isa = PBXBuildFile; fileRef = ADA621C317C78061A2EE1BCE /* StopDetailView.swift */; };
		B68857B1DA7BAED7A5B10F2D /* FareInfoView.swift in Sources */ = {isa = PBXBuildFile; fileRef = 2CE8EB78C453171395D028B4 /* FareInfoView.swift */; };
		B6E1C290F802C76A2679A05A /* HeadsignNormalizer.swift in Sources */ = {isa = PBXBuildFile; fileRef = 9B93A0A7DFB9F661BB6F31F0 /* HeadsignNormalizer.swift */; };
		B9D2D53997DA76D3C57489BA /* SettingsTab.swift in Sources */ = {isa = PBXBuildFile; fileRef = 1860A6235DAC2FB85C1237E4 /* SettingsTab.swift */; };
		BC7894F2D9CE75723D0F692C /* MapFloatingOverlays.swift in Sources */ = {isa = PBXBuildFile; fileRef = FED0E393C8D5C15DDB4D48F3 /* MapFloatingOverlays.swift */; };
		BF93091B594950B89BAE5B01 /* LineFilterChip.swift in Sources */ = {isa = PBXBuildFile; fileRef = FEE74FBB9F062843D7B3EA72 /* LineFilterChip.swift */; };
		C52AFB90BD321805702C6B01 /* PlaceholderTest.swift in Sources */ = {isa = PBXBuildFile; fileRef = 5BE5941F3F9B3CAE50A5F9AD /* PlaceholderTest.swift */; };
		C8B51B78592227197B893CB8 /* UserNotifications.framework in Frameworks */ = {isa = PBXBuildFile; fileRef = 772ACBA516A024B4BBF96D63 /* UserNotifications.framework */; };
		C9DFC9A8F4D9D6D08D9C96F7 /* OperatorShaderBackground.swift in Sources */ = {isa = PBXBuildFile; fileRef = E50491A01A3BC818E339B49C /* OperatorShaderBackground.swift */; };
		CAEEDD9CD5BC9C8D5B8B4DBD /* ExpandedMapOverlay.swift in Sources */ = {isa = PBXBuildFile; fileRef = EE4A2705F3CB1A7ECFDACC67 /* ExpandedMapOverlay.swift */; };
		CE79C09A405CB39C12E6A380 /* GoogleService-Info.plist in Resources */ = {isa = PBXBuildFile; fileRef = 1CDE3048FD3C30B708FE3911 /* GoogleService-Info.plist */; };
		CF82333AC918F9A07C2B1890 /* DepartureRow.swift in Sources */ = {isa = PBXBuildFile; fileRef = 33103B5EDE272DE94D3F38FD /* DepartureRow.swift */; };
		D0F4549811C262B90010191A /* SoftUpdateBanner.swift in Sources */ = {isa = PBXBuildFile; fileRef = 5158654F497CBC93092E23BD /* SoftUpdateBanner.swift */; };
		D394E8A32DE3511A87B2106F /* LucideIcon.swift in Sources */ = {isa = PBXBuildFile; fileRef = DA2061CA100464E2D083D514 /* LucideIcon.swift */; };
		D6C160C0BF1074C786C11059 /* MappaTab.swift in Sources */ = {isa = PBXBuildFile; fileRef = 5F3436F501268CE8E925D853 /* MappaTab.swift */; };
		D857E1BA67F87AB9B67C117C /* JourneyCard.swift in Sources */ = {isa = PBXBuildFile; fileRef = CC2AA53B798B757635860574 /* JourneyCard.swift */; };
		D8ED0445D2DBD9191891E1FF /* NearbyStopCard.swift in Sources */ = {isa = PBXBuildFile; fileRef = BF5FCD75A1F947E7E5EFEC41 /* NearbyStopCard.swift */; };
		D98E3B0FA7E7F3BE5632A750 /* SheetCloseButton.swift in Sources */ = {isa = PBXBuildFile; fileRef = 85EEB55B599E2F2FAB3B9B91 /* SheetCloseButton.swift */; };
		DC3D72EDB297D1729CA65084 /* AlertToastOverlay.swift in Sources */ = {isa = PBXBuildFile; fileRef = ECFB7E48F2DE54F148E94DA8 /* AlertToastOverlay.swift */; };
		E0D813D49D272A48BC20356E /* AlertDetailView.swift in Sources */ = {isa = PBXBuildFile; fileRef = 64FC603D174889581AD1AD62 /* AlertDetailView.swift */; };
		E116BEC58F6BBEB1525D02F8 /* GtfsRtAlertHelpers.swift in Sources */ = {isa = PBXBuildFile; fileRef = A5D343A8FB05F1DBD0C60466 /* GtfsRtAlertHelpers.swift */; };
		E45487C45B93C89C83457053 /* PushNotificationManager.swift in Sources */ = {isa = PBXBuildFile; fileRef = 333291D9DBA313225407E8DC /* PushNotificationManager.swift */; };
		E875CF350AC9BA5A24B460A6 /* AppDelegate.swift in Sources */ = {isa = PBXBuildFile; fileRef = 5A0984DC79DD4E6BF7505FF1 /* AppDelegate.swift */; };
		EB792D0FA0D15A4CB61D3AA2 /* ColorUtils.swift in Sources */ = {isa = PBXBuildFile; fileRef = A8AB69082C727FD94B52155A /* ColorUtils.swift */; };
		EDD673EC6CD887E9DDD47422 /* StopCard.swift in Sources */ = {isa = PBXBuildFile; fileRef = C69F73160D11EE306A2190B7 /* StopCard.swift */; };
		EED9AB87BFDB6F855D372E3E /* ServiziTab.swift in Sources */ = {isa = PBXBuildFile; fileRef = F6CD27F0FB12FDD6F35A59A0 /* ServiziTab.swift */; };
		F189794232ECAE4227840D68 /* LinesListView.swift in Sources */ = {isa = PBXBuildFile; fileRef = 015B4E53773EEE32AC100D6F /* LinesListView.swift */; };
		F4BF65978E9A7C3E9E3813A3 /* InfoPlist.xcstrings in Resources */ = {isa = PBXBuildFile; fileRef = CBEC1A6267CB199440951134 /* InfoPlist.xcstrings */; };
		F813D4C802D95DE8C17933C5 /* PressableButtonStyle.swift in Sources */ = {isa = PBXBuildFile; fileRef = 879CA176F8269F9A87F967B4 /* PressableButtonStyle.swift */; };
/* End PBXBuildFile section */

/* Begin PBXContainerItemProxy section */
		58C151666DA2D7B15C20616F /* PBXContainerItemProxy */ = {
			isa = PBXContainerItemProxy;
			containerPortal = D5E7C2F9F16F7F694B4DD03C /* Project object */;
			proxyType = 1;
			remoteGlobalIDString = 1892CFAA9DDFCCF022BEB53E;
			remoteInfo = TransitKit;
		};
/* End PBXContainerItemProxy section */

/* Begin PBXFileReference section */
		0063DBA25418907674264AFF /* PlannerLocation.swift */ = {isa = PBXFileReference; lastKnownFileType = sourcecode.swift; path = PlannerLocation.swift; sourceTree = "<group>"; };
		015B4E53773EEE32AC100D6F /* LinesListView.swift */ = {isa = PBXFileReference; lastKnownFileType = sourcecode.swift; path = LinesListView.swift; sourceTree = "<group>"; };
		020A8C792B1B76085DCC85E4 /* MapControlsColumn.swift */ = {isa = PBXFileReference; lastKnownFileType = sourcecode.swift; path = MapControlsColumn.swift; sourceTree = "<group>"; };
		02200CAFBA7484EB04E1B31A /* FlowLayout.swift */ = {isa = PBXFileReference; lastKnownFileType = sourcecode.swift; path = FlowLayout.swift; sourceTree = "<group>"; };
		0406584969AA537889762B68 /* DockIndicators.swift */ = {isa = PBXFileReference; lastKnownFileType = sourcecode.swift; path = DockIndicators.swift; sourceTree = "<group>"; };
		06000FD86BE3D061DF6266BE /* TransitKitTests.xctest */ = {isa = PBXFileReference; includeInIndex = 0; lastKnownFileType = wrapper.cfbundle; path = TransitKitTests.xctest; sourceTree = BUILT_PRODUCTS_DIR; };
		091FF5A7361ED99BBA1D5BB1 /* ContactInfoView.swift */ = {isa = PBXFileReference; lastKnownFileType = sourcecode.swift; path = ContactInfoView.swift; sourceTree = "<group>"; };
		0A7D31F83B6B4E6A088FAAB4 /* TransitKit.entitlements */ = {isa = PBXFileReference; lastKnownFileType = text.plist.entitlements; path = TransitKit.entitlements; sourceTree = "<group>"; };
		0C37683E941E3DD9C29DEA9B /* OperatorConfig.swift */ = {isa = PBXFileReference; lastKnownFileType = sourcecode.swift; path = OperatorConfig.swift; sourceTree = "<group>"; };
		0CFE1A3C3B1313A7B5790B4D /* TransitKitSecrets.swift */ = {isa = PBXFileReference; lastKnownFileType = sourcecode.swift; path = TransitKitSecrets.swift; sourceTree = "<group>"; };
		15E2A948C884E4A05BA72913 /* MapBackground.metal */ = {isa = PBXFileReference; lastKnownFileType = sourcecode.metal; path = MapBackground.metal; sourceTree = "<group>"; };
		1860A6235DAC2FB85C1237E4 /* SettingsTab.swift */ = {isa = PBXFileReference; lastKnownFileType = sourcecode.swift; path = SettingsTab.swift; sourceTree = "<group>"; };
		1B464F0160D57BEE0DEF47B3 /* MapSearchPill.swift */ = {isa = PBXFileReference; lastKnownFileType = sourcecode.swift; path = MapSearchPill.swift; sourceTree = "<group>"; };
		1CDE3048FD3C30B708FE3911 /* GoogleService-Info.plist */ = {isa = PBXFileReference; lastKnownFileType = text.plist; path = "GoogleService-Info.plist"; sourceTree = "<group>"; };
		1D40E7CF6F504A0493455693 /* LocationManager.swift */ = {isa = PBXFileReference; lastKnownFileType = sourcecode.swift; path = LocationManager.swift; sourceTree = "<group>"; };
		1E065F67D4BCD87C25FD9357 /* TransitKit.app */ = {isa = PBXFileReference; includeInIndex = 0; lastKnownFileType = wrapper.application; path = TransitKit.app; sourceTree = BUILT_PRODUCTS_DIR; };
		20A26A36C7CE3B4E8EEF7069 /* AlertStore.swift */ = {isa = PBXFileReference; lastKnownFileType = sourcecode.swift; path = AlertStore.swift; sourceTree = "<group>"; };
		21208B38164FE84DF7D65B2A /* StopMapLabel.swift */ = {isa = PBXFileReference; lastKnownFileType = sourcecode.swift; path = StopMapLabel.swift; sourceTree = "<group>"; };
		21DA2366D32AF5DBEACB5DC2 /* GlassCard.swift */ = {isa = PBXFileReference; lastKnownFileType = sourcecode.swift; path = GlassCard.swift; sourceTree = "<group>"; };
		24740CAB0ACE9045D18AE42A /* RemoteRoutingProvider.swift */ = {isa = PBXFileReference; lastKnownFileType = sourcecode.swift; path = RemoteRoutingProvider.swift; sourceTree = "<group>"; };
		24A2F8550F9D65EFD7B990BA /* StopMapSheet.swift */ = {isa = PBXFileReference; lastKnownFileType = sourcecode.swift; path = StopMapSheet.swift; sourceTree = "<group>"; };
		265421698770DB34151D287D /* OrariTab.swift */ = {isa = PBXFileReference; lastKnownFileType = sourcecode.swift; path = OrariTab.swift; sourceTree = "<group>"; };
		271B240F2B60AA029BA142F5 /* FullScheduleSheet.swift */ = {isa = PBXFileReference; lastKnownFileType = sourcecode.swift; path = FullScheduleSheet.swift; sourceTree = "<group>"; };
		282C0DBEBC4A33831DC99EBA /* EmptyStateView.swift */ = {isa = PBXFileReference; lastKnownFileType = sourcecode.swift; path = EmptyStateView.swift; sourceTree = "<group>"; };
		283D0F017FA3ADCC43B76457 /* OperatorInfoView.swift */ = {isa = PBXFileReference; lastKnownFileType = sourcecode.swift; path = OperatorInfoView.swift; sourceTree = "<group>"; };
		2CE8EB78C453171395D028B4 /* FareInfoView.swift */ = {isa = PBXFileReference; lastKnownFileType = sourcecode.swift; path = FareInfoView.swift; sourceTree = "<group>"; };
		3298ECC36B6DC09D4139EC06 /* TimeDisplay.swift */ = {isa = PBXFileReference; lastKnownFileType = sourcecode.swift; path = TimeDisplay.swift; sourceTree = "<group>"; };
		33103B5EDE272DE94D3F38FD /* DepartureRow.swift */ = {isa = PBXFileReference; lastKnownFileType = sourcecode.swift; path = DepartureRow.swift; sourceTree = "<group>"; };
		333291D9DBA313225407E8DC /* PushNotificationManager.swift */ = {isa = PBXFileReference; lastKnownFileType = sourcecode.swift; path = PushNotificationManager.swift; sourceTree = "<group>"; };
		3467B8169A684F3587919902 /* TransitMapView.swift */ = {isa = PBXFileReference; lastKnownFileType = sourcecode.swift; path = TransitMapView.swift; sourceTree = "<group>"; };
		38AB28B4038DBF3ED421D1D0 /* Info.plist */ = {isa = PBXFileReference; lastKnownFileType = text.plist; path = Info.plist; sourceTree = "<group>"; };
		3D6B59FB234811C830B4142D /* ExpandedMapLineTrack.swift */ = {isa = PBXFileReference; lastKnownFileType = sourcecode.swift; path = ExpandedMapLineTrack.swift; sourceTree = "<group>"; };
		3D9E5FECBE60202A55805E87 /* OnboardingStoriesView.swift */ = {isa = PBXFileReference; lastKnownFileType = sourcecode.swift; path = OnboardingStoriesView.swift; sourceTree = "<group>"; };
		3ECCF222F6E839416B5E8973 /* MapKit.framework */ = {isa = PBXFileReference; lastKnownFileType = wrapper.framework; name = MapKit.framework; path = System/Library/Frameworks/MapKit.framework; sourceTree = SDKROOT; };
		40C190F3ADD2E1B0E41BDFC6 /* Localizable.xcstrings */ = {isa = PBXFileReference; lastKnownFileType = text.json.xcstrings; path = Localizable.xcstrings; sourceTree = "<group>"; };
		47BE6CB2EB2867D87CA8D146 /* DeepLinkRouter.swift */ = {isa = PBXFileReference; lastKnownFileType = sourcecode.swift; path = DeepLinkRouter.swift; sourceTree = "<group>"; };
		488752BF581F957A86F7D779 /* PlannerHomeBox.swift */ = {isa = PBXFileReference; lastKnownFileType = sourcecode.swift; path = PlannerHomeBox.swift; sourceTree = "<group>"; };
		4A20EEA199B52A3A2B66325A /* FavoritesListView.swift */ = {isa = PBXFileReference; lastKnownFileType = sourcecode.swift; path = FavoritesListView.swift; sourceTree = "<group>"; };
		4A7AF31576AD7C754E281339 /* ForceUpdateView.swift */ = {isa = PBXFileReference; lastKnownFileType = sourcecode.swift; path = ForceUpdateView.swift; sourceTree = "<group>"; };
		4B9FD10B5C48C0410259687C /* VehicleStore.swift */ = {isa = PBXFileReference; lastKnownFileType = sourcecode.swift; path = VehicleStore.swift; sourceTree = "<group>"; };
		4D713C24D42DB86C1C7593BE /* VehicleDetailSheet.swift */ = {isa = PBXFileReference; lastKnownFileType = sourcecode.swift; path = VehicleDetailSheet.swift; sourceTree = "<group>"; };
		4F2E86DB57CB4E4F5166871B /* MapCircleButton.swift */ = {isa = PBXFileReference; lastKnownFileType = sourcecode.swift; path = MapCircleButton.swift; sourceTree = "<group>"; };
		5058C4F2340AA7BEB6085B6A /* MapLineFocusContent.swift */ = {isa = PBXFileReference; lastKnownFileType = sourcecode.swift; path = MapLineFocusContent.swift; sourceTree = "<group>"; };
		50FF8B27808C0B5F4F797E8A /* MapExpandedControls.swift */ = {isa = PBXFileReference; lastKnownFileType = sourcecode.swift; path = MapExpandedControls.swift; sourceTree = "<group>"; };
		5158654F497CBC93092E23BD /* SoftUpdateBanner.swift */ = {isa = PBXFileReference; lastKnownFileType = sourcecode.swift; path = SoftUpdateBanner.swift; sourceTree = "<group>"; };
		5481BF9847C559057368FA6B /* StopAnnotationView.swift */ = {isa = PBXFileReference; lastKnownFileType = sourcecode.swift; path = StopAnnotationView.swift; sourceTree = "<group>"; };
		55B43C749CFDA933F18B4CD4 /* SearchHistoryStore.swift */ = {isa = PBXFileReference; lastKnownFileType = sourcecode.swift; path = SearchHistoryStore.swift; sourceTree = "<group>"; };
		57168F694B2F4ED9A806021B /* TripDetailView.swift */ = {isa = PBXFileReference; lastKnownFileType = sourcecode.swift; path = TripDetailView.swift; sourceTree = "<group>"; };
		5A0984DC79DD4E6BF7505FF1 /* AppDelegate.swift */ = {isa = PBXFileReference; lastKnownFileType = sourcecode.swift; path = AppDelegate.swift; sourceTree = "<group>"; };
		5BE5941F3F9B3CAE50A5F9AD /* PlaceholderTest.swift */ = {isa = PBXFileReference; lastKnownFileType = sourcecode.swift; path = PlaceholderTest.swift; sourceTree = "<group>"; };
		5F3436F501268CE8E925D853 /* MappaTab.swift */ = {isa = PBXFileReference; lastKnownFileType = sourcecode.swift; path = MappaTab.swift; sourceTree = "<group>"; };
		614EB150C4AEB6FEB5CBABDD /* LineStopsMap.swift */ = {isa = PBXFileReference; lastKnownFileType = sourcecode.swift; path = LineStopsMap.swift; sourceTree = "<group>"; };
		64FC603D174889581AD1AD62 /* AlertDetailView.swift */ = {isa = PBXFileReference; lastKnownFileType = sourcecode.swift; path = AlertDetailView.swift; sourceTree = "<group>"; };
		6F971BA014101FAA050D40F9 /* ContentView.swift */ = {isa = PBXFileReference; lastKnownFileType = sourcecode.swift; path = ContentView.swift; sourceTree = "<group>"; };
		6FC30DB536DCC2557E2B1AF6 /* LineDetailView.swift */ = {isa = PBXFileReference; lastKnownFileType = sourcecode.swift; path = LineDetailView.swift; sourceTree = "<group>"; };
		702A8E96E7DD20366A380819 /* ScheduleDecodingTests.swift */ = {isa = PBXFileReference; lastKnownFileType = sourcecode.swift; path = ScheduleDecodingTests.swift; sourceTree = "<group>"; };
		71858BFF6C4A52232A37DF83 /* VehicleAnnotationView.swift */ = {isa = PBXFileReference; lastKnownFileType = sourcecode.swift; path = VehicleAnnotationView.swift; sourceTree = "<group>"; };
		718C5B6A9CC4184B6E40E212 /* MapZoomLevels.swift */ = {isa = PBXFileReference; lastKnownFileType = sourcecode.swift; path = MapZoomLevels.swift; sourceTree = "<group>"; };
		772ACBA516A024B4BBF96D63 /* UserNotifications.framework */ = {isa = PBXFileReference; lastKnownFileType = wrapper.framework; name = UserNotifications.framework; path = System/Library/Frameworks/UserNotifications.framework; sourceTree = SDKROOT; };
		789335F061C4DECB0AC4F383 /* LiveVehiclesSection.swift */ = {isa = PBXFileReference; lastKnownFileType = sourcecode.swift; path = LiveVehiclesSection.swift; sourceTree = "<group>"; };
		7EC580DFF98B83E2C0726F26 /* TransitKitApp.swift */ = {isa = PBXFileReference; lastKnownFileType = sourcecode.swift; path = TransitKitApp.swift; sourceTree = "<group>"; };
		83BA66D57BCDF6E9BD8F67D7 /* LiveBadge.swift */ = {isa = PBXFileReference; lastKnownFileType = sourcecode.swift; path = LiveBadge.swift; sourceTree = "<group>"; };
		85EEB55B599E2F2FAB3B9B91 /* SheetCloseButton.swift */ = {isa = PBXFileReference; lastKnownFileType = sourcecode.swift; path = SheetCloseButton.swift; sourceTree = "<group>"; };
		86D750054916B9BB0AC01DD2 /* ViewExtensions.swift */ = {isa = PBXFileReference; lastKnownFileType = sourcecode.swift; path = ViewExtensions.swift; sourceTree = "<group>"; };
		879CA176F8269F9A87F967B4 /* PressableButtonStyle.swift */ = {isa = PBXFileReference; lastKnownFileType = sourcecode.swift; path = PressableButtonStyle.swift; sourceTree = "<group>"; };
		9601C0115B556918E079DD02 /* StopsListView.swift */ = {isa = PBXFileReference; lastKnownFileType = sourcecode.swift; path = StopsListView.swift; sourceTree = "<group>"; };
		9A54116D003C16BA9477E36C /* OperatorTimeZone.swift */ = {isa = PBXFileReference; lastKnownFileType = sourcecode.swift; path = OperatorTimeZone.swift; sourceTree = "<group>"; };
		9B3052C8C0D90F67B899028A /* LocationPickerView.swift */ = {isa = PBXFileReference; lastKnownFileType = sourcecode.swift; path = LocationPickerView.swift; sourceTree = "<group>"; };
		9B93A0A7DFB9F661BB6F31F0 /* HeadsignNormalizer.swift */ = {isa = PBXFileReference; lastKnownFileType = sourcecode.swift; path = HeadsignNormalizer.swift; sourceTree = "<group>"; };
		9C2048933225A12B749A4D7F /* HomeTab.swift */ = {isa = PBXFileReference; lastKnownFileType = sourcecode.swift; path = HomeTab.swift; sourceTree = "<group>"; };
		9EF3176A50EBF273C1004513 /* JourneyMapView.swift */ = {isa = PBXFileReference; lastKnownFileType = sourcecode.swift; path = JourneyMapView.swift; sourceTree = "<group>"; };
		A171D8A0D7B978020D89F7F7 /* ConnectionsStore.swift */ = {isa = PBXFileReference; lastKnownFileType = sourcecode.swift; path = ConnectionsStore.swift; sourceTree = "<group>"; };
		A338B0B04B601C99D134BD22 /* LinePickerSheet.swift */ = {isa = PBXFileReference; lastKnownFileType = sourcecode.swift; path = LinePickerSheet.swift; sourceTree = "<group>"; };
		A5D343A8FB05F1DBD0C60466 /* GtfsRtAlertHelpers.swift */ = {isa = PBXFileReference; lastKnownFileType = sourcecode.swift; path = GtfsRtAlertHelpers.swift; sourceTree = "<group>"; };
		A7410BEEC0AEB17E6FFB2785 /* FilterChip.swift */ = {isa = PBXFileReference; lastKnownFileType = sourcecode.swift; path = FilterChip.swift; sourceTree = "<group>"; };
		A8AB69082C727FD94B52155A /* ColorUtils.swift */ = {isa = PBXFileReference; lastKnownFileType = sourcecode.swift; path = ColorUtils.swift; sourceTree = "<group>"; };
		AB215263A64BE0882D67B1F3 /* ShaderPlaygroundView.swift */ = {isa = PBXFileReference; lastKnownFileType = sourcecode.swift; path = ShaderPlaygroundView.swift; sourceTree = "<group>"; };
		ADA621C317C78061A2EE1BCE /* StopDetailView.swift */ = {isa = PBXFileReference; lastKnownFileType = sourcecode.swift; path = StopDetailView.swift; sourceTree = "<group>"; };
		AF29A33249EEAAC16698F765 /* RouteOverlay.swift */ = {isa = PBXFileReference; lastKnownFileType = sourcecode.swift; path = RouteOverlay.swift; sourceTree = "<group>"; };
		B10BEFD5CA21B9EBA3ADE1D7 /* LineBadge.swift */ = {isa = PBXFileReference; lastKnownFileType = sourcecode.swift; path = LineBadge.swift; sourceTree = "<group>"; };
		B1BB2090BF4778297476635A /* OverflowBadge.swift */ = {isa = PBXFileReference; lastKnownFileType = sourcecode.swift; path = OverflowBadge.swift; sourceTree = "<group>"; };
		B407E0D58946BADE35443FA3 /* AlertCard.swift */ = {isa = PBXFileReference; lastKnownFileType = sourcecode.swift; path = AlertCard.swift; sourceTree = "<group>"; };
		BF5FCD75A1F947E7E5EFEC41 /* NearbyStopCard.swift */ = {isa = PBXFileReference; lastKnownFileType = sourcecode.swift; path = NearbyStopCard.swift; sourceTree = "<group>"; };
		C69F73160D11EE306A2190B7 /* StopCard.swift */ = {isa = PBXFileReference; lastKnownFileType = sourcecode.swift; path = StopCard.swift; sourceTree = "<group>"; };
		CBEC1A6267CB199440951134 /* InfoPlist.xcstrings */ = {isa = PBXFileReference; lastKnownFileType = text.json.xcstrings; path = InfoPlist.xcstrings; sourceTree = "<group>"; };
		CC2AA53B798B757635860574 /* JourneyCard.swift */ = {isa = PBXFileReference; lastKnownFileType = sourcecode.swift; path = JourneyCard.swift; sourceTree = "<group>"; };
		CC677A39447A949F646FA8DF /* config.json */ = {isa = PBXFileReference; lastKnownFileType = text.json; path = config.json; sourceTree = "<group>"; };
		CC6A49E656E895E7FDCD1E96 /* JourneyDetailView.swift */ = {isa = PBXFileReference; lastKnownFileType = sourcecode.swift; path = JourneyDetailView.swift; sourceTree = "<group>"; };
		CDBE8C8BFED37B7CFCFCB0CA /* Journey.swift */ = {isa = PBXFileReference; lastKnownFileType = sourcecode.swift; path = Journey.swift; sourceTree = "<group>"; };
		D12E595EE557B4B89C653DF2 /* VehicleLiveCard.swift */ = {isa = PBXFileReference; lastKnownFileType = sourcecode.swift; path = VehicleLiveCard.swift; sourceTree = "<group>"; };
		D29022161873C64FFC40CE53 /* WhenChipsRow.swift */ = {isa = PBXFileReference; lastKnownFileType = sourcecode.swift; path = WhenChipsRow.swift; sourceTree = "<group>"; };
		D89EE35213444EB1DF6A8D93 /* GtfsRtDecoder.swift */ = {isa = PBXFileReference; lastKnownFileType = sourcecode.swift; path = GtfsRtDecoder.swift; sourceTree = "<group>"; };
		DA2061CA100464E2D083D514 /* LucideIcon.swift */ = {isa = PBXFileReference; lastKnownFileType = sourcecode.swift; path = LucideIcon.swift; sourceTree = "<group>"; };
		DA366AD2544EFE026191866B /* MapActiveRouteChip.swift */ = {isa = PBXFileReference; lastKnownFileType = sourcecode.swift; path = MapActiveRouteChip.swift; sourceTree = "<group>"; };
		DA9BD090565D8838CFA04A8B /* FavoritesManager.swift */ = {isa = PBXFileReference; lastKnownFileType = sourcecode.swift; path = FavoritesManager.swift; sourceTree = "<group>"; };
		DAF247C63BA3D783DA4D75F5 /* DirectionPills.swift */ = {isa = PBXFileReference; lastKnownFileType = sourcecode.swift; path = DirectionPills.swift; sourceTree = "<group>"; };
		E06DDEBAA46B9DDB09944BFF /* PlannerScreen.swift */ = {isa = PBXFileReference; lastKnownFileType = sourcecode.swift; path = PlannerScreen.swift; sourceTree = "<group>"; };
		E07F94E282CDCFF351388627 /* PrivacyInfo.xcprivacy */ = {isa = PBXFileReference; path = PrivacyInfo.xcprivacy; sourceTree = "<group>"; };
		E40F32F4FBBD86EBC68D0EB3 /* AppUpdateChecker.swift */ = {isa = PBXFileReference; lastKnownFileType = sourcecode.swift; path = AppUpdateChecker.swift; sourceTree = "<group>"; };
		E50491A01A3BC818E339B49C /* OperatorShaderBackground.swift */ = {isa = PBXFileReference; lastKnownFileType = sourcecode.swift; path = OperatorShaderBackground.swift; sourceTree = "<group>"; };
		E57AC28DB956ECD7D1B2D59C /* AlertListView.swift */ = {isa = PBXFileReference; lastKnownFileType = sourcecode.swift; path = AlertListView.swift; sourceTree = "<group>"; };
		E7E5839E8A1674A88E34D940 /* Assets.xcassets */ = {isa = PBXFileReference; lastKnownFileType = folder.assetcatalog; path = Assets.xcassets; sourceTree = "<group>"; };
		E9B060B8A74782E4B03194E6 /* ServiceDetailView.swift */ = {isa = PBXFileReference; lastKnownFileType = sourcecode.swift; path = ServiceDetailView.swift; sourceTree = "<group>"; };
		EAD2EE8B1342B1D8E6FD6E2E /* MappaTab+Actions.swift */ = {isa = PBXFileReference; lastKnownFileType = sourcecode.swift; path = "MappaTab+Actions.swift"; sourceTree = "<group>"; };
		EB0D2941E87A9FC1F213D9C7 /* schedules.json */ = {isa = PBXFileReference; lastKnownFileType = text.json; path = schedules.json; sourceTree = "<group>"; };
		EC6BBEB0DCFFFF27DB881B02 /* SkeletonView.swift */ = {isa = PBXFileReference; lastKnownFileType = sourcecode.swift; path = SkeletonView.swift; sourceTree = "<group>"; };
		ECFB7E48F2DE54F148E94DA8 /* AlertToastOverlay.swift */ = {isa = PBXFileReference; lastKnownFileType = sourcecode.swift; path = AlertToastOverlay.swift; sourceTree = "<group>"; };
		EE4A2705F3CB1A7ECFDACC67 /* ExpandedMapOverlay.swift */ = {isa = PBXFileReference; lastKnownFileType = sourcecode.swift; path = ExpandedMapOverlay.swift; sourceTree = "<group>"; };
		F1C1A030C8B3A8CBB28C9B90 /* StopAlertsSection.swift */ = {isa = PBXFileReference; lastKnownFileType = sourcecode.swift; path = StopAlertsSection.swift; sourceTree = "<group>"; };
		F64B8B11F2D7D9CAE4F81E2B /* ScheduleLoader.swift */ = {isa = PBXFileReference; lastKnownFileType = sourcecode.swift; path = ScheduleLoader.swift; sourceTree = "<group>"; };
		F6CD27F0FB12FDD6F35A59A0 /* ServiziTab.swift */ = {isa = PBXFileReference; lastKnownFileType = sourcecode.swift; path = ServiziTab.swift; sourceTree = "<group>"; };
		F88B38614D3B793B28879C77 /* AccessibilityInfoView.swift */ = {isa = PBXFileReference; lastKnownFileType = sourcecode.swift; path = AccessibilityInfoView.swift; sourceTree = "<group>"; };
		F8B6826165680E704A627FDF /* LocationPickerMap.swift */ = {isa = PBXFileReference; lastKnownFileType = sourcecode.swift; path = LocationPickerMap.swift; sourceTree = "<group>"; };
		FA83972FA950E8F68E2FB2F0 /* Schedule.swift */ = {isa = PBXFileReference; lastKnownFileType = sourcecode.swift; path = Schedule.swift; sourceTree = "<group>"; };
		FED0E393C8D5C15DDB4D48F3 /* MapFloatingOverlays.swift */ = {isa = PBXFileReference; lastKnownFileType = sourcecode.swift; path = MapFloatingOverlays.swift; sourceTree = "<group>"; };
		FEE74FBB9F062843D7B3EA72 /* LineFilterChip.swift */ = {isa = PBXFileReference; lastKnownFileType = sourcecode.swift; path = LineFilterChip.swift; sourceTree = "<group>"; };
		FF18EC8C137B8A6F37B3A79F /* ScheduleStore.swift */ = {isa = PBXFileReference; lastKnownFileType = sourcecode.swift; path = ScheduleStore.swift; sourceTree = "<group>"; };
/* End PBXFileReference section */

/* Begin PBXFrameworksBuildPhase section */
		F68F0FEF3258D7AE91ACED3A /* Frameworks */ = {
			isa = PBXFrameworksBuildPhase;
			buildActionMask = 2147483647;
			files = (
				7F19B3C784E533D5471C5BAC /* MapKit.framework in Frameworks */,
				C8B51B78592227197B893CB8 /* UserNotifications.framework in Frameworks */,
				05ABE066D71AE1BA75693840 /* FirebaseMessaging in Frameworks */,
			);
			runOnlyForDeploymentPostprocessing = 0;
		};
/* End PBXFrameworksBuildPhase section */

/* Begin PBXGroup section */
		0ADA601A44C19E60CE151B60 /* Config */ = {
			isa = PBXGroup;
			children = (
				0C37683E941E3DD9C29DEA9B /* OperatorConfig.swift */,
			);
			path = Config;
			sourceTree = "<group>";
		};
		0C2488BC4128FD70DA427662 /* Servizi */ = {
			isa = PBXGroup;
			children = (
				F88B38614D3B793B28879C77 /* AccessibilityInfoView.swift */,
				091FF5A7361ED99BBA1D5BB1 /* ContactInfoView.swift */,
				2CE8EB78C453171395D028B4 /* FareInfoView.swift */,
				283D0F017FA3ADCC43B76457 /* OperatorInfoView.swift */,
				E9B060B8A74782E4B03194E6 /* ServiceDetailView.swift */,
				F6CD27F0FB12FDD6F35A59A0 /* ServiziTab.swift */,
			);
			path = Servizi;
			sourceTree = "<group>";
		};
		1028DAD4759BABD15837B4AB /* Services */ = {
			isa = PBXGroup;
			children = (
				5A0984DC79DD4E6BF7505FF1 /* AppDelegate.swift */,
				E40F32F4FBBD86EBC68D0EB3 /* AppUpdateChecker.swift */,
				1D40E7CF6F504A0493455693 /* LocationManager.swift */,
				24740CAB0ACE9045D18AE42A /* RemoteRoutingProvider.swift */,
				F64B8B11F2D7D9CAE4F81E2B /* ScheduleLoader.swift */,
				0CFE1A3C3B1313A7B5790B4D /* TransitKitSecrets.swift */,
			);
			path = Services;
			sourceTree = "<group>";
		};
		15F550A87CF16AF9802E60DE /* Planner */ = {
			isa = PBXGroup;
			children = (
				CC2AA53B798B757635860574 /* JourneyCard.swift */,
				CC6A49E656E895E7FDCD1E96 /* JourneyDetailView.swift */,
				9EF3176A50EBF273C1004513 /* JourneyMapView.swift */,
				F8B6826165680E704A627FDF /* LocationPickerMap.swift */,
				9B3052C8C0D90F67B899028A /* LocationPickerView.swift */,
				E06DDEBAA46B9DDB09944BFF /* PlannerScreen.swift */,
				D29022161873C64FFC40CE53 /* WhenChipsRow.swift */,
			);
			path = Planner;
			sourceTree = "<group>";
		};
		181DBD15AF7E9E8B80D9EBB1 /* Orari */ = {
			isa = PBXGroup;
			children = (
				227C336035B7A84313FEA742 /* LineDetail */,
				94045D3D0B9D68BAE82FCE22 /* StopDetail */,
				6FC30DB536DCC2557E2B1AF6 /* LineDetailView.swift */,
				015B4E53773EEE32AC100D6F /* LinesListView.swift */,
				614EB150C4AEB6FEB5CBABDD /* LineStopsMap.swift */,
				265421698770DB34151D287D /* OrariTab.swift */,
				ADA621C317C78061A2EE1BCE /* StopDetailView.swift */,
				9601C0115B556918E079DD02 /* StopsListView.swift */,
				57168F694B2F4ED9A806021B /* TripDetailView.swift */,
			);
			path = Orari;
			sourceTree = "<group>";
		};
		1B8F15DBAE8C1B34936CCA0D /* Frameworks */ = {
			isa = PBXGroup;
			children = (
				3ECCF222F6E839416B5E8973 /* MapKit.framework */,
				772ACBA516A024B4BBF96D63 /* UserNotifications.framework */,
			);
			name = Frameworks;
			sourceTree = "<group>";
		};
		1D9C55CE7DFF0F9E4566DEFD = {
			isa = PBXGroup;
			children = (
				723631A74E1D3B59F7D7C723 /* Sources */,
				DE34AE920D7FB4C4C05E95D7 /* Tests */,
				1B8F15DBAE8C1B34936CCA0D /* Frameworks */,
				BDA480932C50D9ED23BCF591 /* Products */,
			);
			sourceTree = "<group>";
		};
		20EEB364FD8859B0CC69B811 /* Components */ = {
			isa = PBXGroup;
			children = (
				DA366AD2544EFE026191866B /* MapActiveRouteChip.swift */,
				020A8C792B1B76085DCC85E4 /* MapControlsColumn.swift */,
				50FF8B27808C0B5F4F797E8A /* MapExpandedControls.swift */,
				FED0E393C8D5C15DDB4D48F3 /* MapFloatingOverlays.swift */,
				1B464F0160D57BEE0DEF47B3 /* MapSearchPill.swift */,
			);
			path = Components;
			sourceTree = "<group>";
		};
		227C336035B7A84313FEA742 /* LineDetail */ = {
			isa = PBXGroup;
			children = (
				DAF247C63BA3D783DA4D75F5 /* DirectionPills.swift */,
				789335F061C4DECB0AC4F383 /* LiveVehiclesSection.swift */,
				D12E595EE557B4B89C653DF2 /* VehicleLiveCard.swift */,
			);
			path = LineDetail;
			sourceTree = "<group>";
		};
		3249C6F15F3583889B1B4EC5 /* Models */ = {
			isa = PBXGroup;
			children = (
				A5D343A8FB05F1DBD0C60466 /* GtfsRtAlertHelpers.swift */,
				D89EE35213444EB1DF6A8D93 /* GtfsRtDecoder.swift */,
				CDBE8C8BFED37B7CFCFCB0CA /* Journey.swift */,
				0063DBA25418907674264AFF /* PlannerLocation.swift */,
				FA83972FA950E8F68E2FB2F0 /* Schedule.swift */,
			);
			path = Models;
			sourceTree = "<group>";
		};
		331CF395565CF8E315435069 /* Views */ = {
			isa = PBXGroup;
			children = (
				AA7A6FF74EA776D23158017F /* Alerts */,
				BF94C39AFBC565E99E7AAE76 /* Dev */,
				615460CD0061432E74D3FAA2 /* Home */,
				4871CDA03E0161DF06905B2E /* Mappa */,
				A8BA44F257324D274C3E743C /* Onboarding */,
				181DBD15AF7E9E8B80D9EBB1 /* Orari */,
				15F550A87CF16AF9802E60DE /* Planner */,
				0C2488BC4128FD70DA427662 /* Servizi */,
				E98D6D8D0F3B3D2074E5D0DB /* Settings */,
				4A7AF31576AD7C754E281339 /* ForceUpdateView.swift */,
			);
			path = Views;
			sourceTree = "<group>";
		};
		43A04DF5F8A5B9716B3E985A /* Resources */ = {
			isa = PBXGroup;
			children = (
				E7E5839E8A1674A88E34D940 /* Assets.xcassets */,
				CC677A39447A949F646FA8DF /* config.json */,
				1CDE3048FD3C30B708FE3911 /* GoogleService-Info.plist */,
				CBEC1A6267CB199440951134 /* InfoPlist.xcstrings */,
				40C190F3ADD2E1B0E41BDFC6 /* Localizable.xcstrings */,
				E07F94E282CDCFF351388627 /* PrivacyInfo.xcprivacy */,
				EB0D2941E87A9FC1F213D9C7 /* schedules.json */,
			);
			path = Resources;
			sourceTree = "<group>";
		};
		4871CDA03E0161DF06905B2E /* Mappa */ = {
			isa = PBXGroup;
			children = (
				20EEB364FD8859B0CC69B811 /* Components */,
				A338B0B04B601C99D134BD22 /* LinePickerSheet.swift */,
				5058C4F2340AA7BEB6085B6A /* MapLineFocusContent.swift */,
				5F3436F501268CE8E925D853 /* MappaTab.swift */,
				EAD2EE8B1342B1D8E6FD6E2E /* MappaTab+Actions.swift */,
				718C5B6A9CC4184B6E40E212 /* MapZoomLevels.swift */,
				AF29A33249EEAAC16698F765 /* RouteOverlay.swift */,
				5481BF9847C559057368FA6B /* StopAnnotationView.swift */,
				21208B38164FE84DF7D65B2A /* StopMapLabel.swift */,
				24A2F8550F9D65EFD7B990BA /* StopMapSheet.swift */,
				3467B8169A684F3587919902 /* TransitMapView.swift */,
				71858BFF6C4A52232A37DF83 /* VehicleAnnotationView.swift */,
				4D713C24D42DB86C1C7593BE /* VehicleDetailSheet.swift */,
			);
			path = Mappa;
			sourceTree = "<group>";
		};
		60EFC292E37EACAFBB533A9B /* Components */ = {
			isa = PBXGroup;
			children = (
				B407E0D58946BADE35443FA3 /* AlertCard.swift */,
				ECFB7E48F2DE54F148E94DA8 /* AlertToastOverlay.swift */,
				33103B5EDE272DE94D3F38FD /* DepartureRow.swift */,
				0406584969AA537889762B68 /* DockIndicators.swift */,
				282C0DBEBC4A33831DC99EBA /* EmptyStateView.swift */,
				A7410BEEC0AEB17E6FFB2785 /* FilterChip.swift */,
				02200CAFBA7484EB04E1B31A /* FlowLayout.swift */,
				21DA2366D32AF5DBEACB5DC2 /* GlassCard.swift */,
				B10BEFD5CA21B9EBA3ADE1D7 /* LineBadge.swift */,
				FEE74FBB9F062843D7B3EA72 /* LineFilterChip.swift */,
				83BA66D57BCDF6E9BD8F67D7 /* LiveBadge.swift */,
				DA2061CA100464E2D083D514 /* LucideIcon.swift */,
				4F2E86DB57CB4E4F5166871B /* MapCircleButton.swift */,
				E50491A01A3BC818E339B49C /* OperatorShaderBackground.swift */,
				B1BB2090BF4778297476635A /* OverflowBadge.swift */,
				879CA176F8269F9A87F967B4 /* PressableButtonStyle.swift */,
				85EEB55B599E2F2FAB3B9B91 /* SheetCloseButton.swift */,
				EC6BBEB0DCFFFF27DB881B02 /* SkeletonView.swift */,
				5158654F497CBC93092E23BD /* SoftUpdateBanner.swift */,
				C69F73160D11EE306A2190B7 /* StopCard.swift */,
				3298ECC36B6DC09D4139EC06 /* TimeDisplay.swift */,
			);
			path = Components;
			sourceTree = "<group>";
		};
		615460CD0061432E74D3FAA2 /* Home */ = {
			isa = PBXGroup;
			children = (
				9C2048933225A12B749A4D7F /* HomeTab.swift */,
				BF5FCD75A1F947E7E5EFEC41 /* NearbyStopCard.swift */,
				488752BF581F957A86F7D779 /* PlannerHomeBox.swift */,
			);
			path = Home;
			sourceTree = "<group>";
		};
		687FA1579DDB227908BBE9BE /* Shaders */ = {
			isa = PBXGroup;
			children = (
				15E2A948C884E4A05BA72913 /* MapBackground.metal */,
			);
			path = Shaders;
			sourceTree = "<group>";
		};
		723631A74E1D3B59F7D7C723 /* Sources */ = {
			isa = PBXGroup;
			children = (
				F5E01938486FFEC1C2EC92C7 /* App */,
				60EFC292E37EACAFBB533A9B /* Components */,
				0ADA601A44C19E60CE151B60 /* Config */,
				3249C6F15F3583889B1B4EC5 /* Models */,
				43A04DF5F8A5B9716B3E985A /* Resources */,
				1028DAD4759BABD15837B4AB /* Services */,
				687FA1579DDB227908BBE9BE /* Shaders */,
				B3CD2534C331C4652752C6E9 /* Stores */,
				BAFA7B6753531ECBD377CE4F /* Utils */,
				331CF395565CF8E315435069 /* Views */,
			);
			name = Sources;
			path = TransitKit/Sources;
			sourceTree = "<group>";
		};
		94045D3D0B9D68BAE82FCE22 /* StopDetail */ = {
			isa = PBXGroup;
			children = (
				3D6B59FB234811C830B4142D /* ExpandedMapLineTrack.swift */,
				EE4A2705F3CB1A7ECFDACC67 /* ExpandedMapOverlay.swift */,
				271B240F2B60AA029BA142F5 /* FullScheduleSheet.swift */,
				F1C1A030C8B3A8CBB28C9B90 /* StopAlertsSection.swift */,
			);
			path = StopDetail;
			sourceTree = "<group>";
		};
		A8BA44F257324D274C3E743C /* Onboarding */ = {
			isa = PBXGroup;
			children = (
				3D9E5FECBE60202A55805E87 /* OnboardingStoriesView.swift */,
			);
			path = Onboarding;
			sourceTree = "<group>";
		};
		AA7A6FF74EA776D23158017F /* Alerts */ = {
			isa = PBXGroup;
			children = (
				64FC603D174889581AD1AD62 /* AlertDetailView.swift */,
				E57AC28DB956ECD7D1B2D59C /* AlertListView.swift */,
			);
			path = Alerts;
			sourceTree = "<group>";
		};
		B3CD2534C331C4652752C6E9 /* Stores */ = {
			isa = PBXGroup;
			children = (
				20A26A36C7CE3B4E8EEF7069 /* AlertStore.swift */,
				A171D8A0D7B978020D89F7F7 /* ConnectionsStore.swift */,
				DA9BD090565D8838CFA04A8B /* FavoritesManager.swift */,
				333291D9DBA313225407E8DC /* PushNotificationManager.swift */,
				FF18EC8C137B8A6F37B3A79F /* ScheduleStore.swift */,
				55B43C749CFDA933F18B4CD4 /* SearchHistoryStore.swift */,
				4B9FD10B5C48C0410259687C /* VehicleStore.swift */,
			);
			path = Stores;
			sourceTree = "<group>";
		};
		BAFA7B6753531ECBD377CE4F /* Utils */ = {
			isa = PBXGroup;
			children = (
				A8AB69082C727FD94B52155A /* ColorUtils.swift */,
				9B93A0A7DFB9F661BB6F31F0 /* HeadsignNormalizer.swift */,
				9A54116D003C16BA9477E36C /* OperatorTimeZone.swift */,
				86D750054916B9BB0AC01DD2 /* ViewExtensions.swift */,
			);
			path = Utils;
			sourceTree = "<group>";
		};
		BDA480932C50D9ED23BCF591 /* Products */ = {
			isa = PBXGroup;
			children = (
				1E065F67D4BCD87C25FD9357 /* TransitKit.app */,
				06000FD86BE3D061DF6266BE /* TransitKitTests.xctest */,
			);
			name = Products;
			sourceTree = "<group>";
		};
		BF94C39AFBC565E99E7AAE76 /* Dev */ = {
			isa = PBXGroup;
			children = (
				AB215263A64BE0882D67B1F3 /* ShaderPlaygroundView.swift */,
			);
			path = Dev;
			sourceTree = "<group>";
		};
		DE34AE920D7FB4C4C05E95D7 /* Tests */ = {
			isa = PBXGroup;
			children = (
				5BE5941F3F9B3CAE50A5F9AD /* PlaceholderTest.swift */,
				702A8E96E7DD20366A380819 /* ScheduleDecodingTests.swift */,
			);
			name = Tests;
			path = TransitKit/Tests;
			sourceTree = "<group>";
		};
		E98D6D8D0F3B3D2074E5D0DB /* Settings */ = {
			isa = PBXGroup;
			children = (
				4A20EEA199B52A3A2B66325A /* FavoritesListView.swift */,
				1860A6235DAC2FB85C1237E4 /* SettingsTab.swift */,
			);
			path = Settings;
			sourceTree = "<group>";
		};
		F5E01938486FFEC1C2EC92C7 /* App */ = {
			isa = PBXGroup;
			children = (
				6F971BA014101FAA050D40F9 /* ContentView.swift */,
				47BE6CB2EB2867D87CA8D146 /* DeepLinkRouter.swift */,
				38AB28B4038DBF3ED421D1D0 /* Info.plist */,
				0A7D31F83B6B4E6A088FAAB4 /* TransitKit.entitlements */,
				7EC580DFF98B83E2C0726F26 /* TransitKitApp.swift */,
			);
			path = App;
			sourceTree = "<group>";
		};
/* End PBXGroup section */

/* Begin PBXNativeTarget section */
		1892CFAA9DDFCCF022BEB53E /* TransitKit */ = {
			isa = PBXNativeTarget;
			buildConfigurationList = 8B3E550FF8DD40FCA1B09A89 /* Build configuration list for PBXNativeTarget "TransitKit" */;
			buildPhases = (
				EBBCE1C00E95CA1DDC199E77 /* Sources */,
				FE384A07054B86CAA9D06462 /* Resources */,
				F68F0FEF3258D7AE91ACED3A /* Frameworks */,
			);
			buildRules = (
			);
			dependencies = (
			);
			name = TransitKit;
			packageProductDependencies = (
				B5D39E43E8CCB77BFC9B1CE6 /* FirebaseMessaging */,
			);
			productName = TransitKit;
			productReference = 1E065F67D4BCD87C25FD9357 /* TransitKit.app */;
			productType = "com.apple.product-type.application";
		};
		952E419E3B8BBD7B14B998B8 /* TransitKitTests */ = {
			isa = PBXNativeTarget;
			buildConfigurationList = 9BCB9D33D6DA573CFC79F5B8 /* Build configuration list for PBXNativeTarget "TransitKitTests" */;
			buildPhases = (
				17F308F8C60A0264511E79FF /* Sources */,
			);
			buildRules = (
			);
			dependencies = (
				2C6E862CC0CEA091B8FB5ED2 /* PBXTargetDependency */,
			);
			name = TransitKitTests;
			packageProductDependencies = (
			);
			productName = TransitKitTests;
			productReference = 06000FD86BE3D061DF6266BE /* TransitKitTests.xctest */;
			productType = "com.apple.product-type.bundle.unit-test";
		};
/* End PBXNativeTarget section */

/* Begin PBXProject section */
		D5E7C2F9F16F7F694B4DD03C /* Project object */ = {
			isa = PBXProject;
			attributes = {
				BuildIndependentTargetsInParallel = YES;
				LastUpgradeCheck = 1600;
				TargetAttributes = {
					1892CFAA9DDFCCF022BEB53E = {
						DevelopmentTeam = R56VCP5L45;
						ProvisioningStyle = Automatic;
					};
				};
			};
			buildConfigurationList = ED38CB54D84CE5048C21D2BD /* Build configuration list for PBXProject "TransitKit" */;
			compatibilityVersion = "Xcode 14.0";
			developmentRegion = en;
			hasScannedForEncodings = 0;
			knownRegions = (
				Base,
				en,
				"es-419",
				it,
			);
			mainGroup = 1D9C55CE7DFF0F9E4566DEFD;
			minimizedProjectReferenceProxies = 1;
			packageReferences = (
				BFDADACE3D66AC57EFA32959 /* XCRemoteSwiftPackageReference "firebase-ios-sdk" */,
			);
			preferredProjectObjectVersion = 77;
			projectDirPath = "";
			projectRoot = "";
			targets = (
				1892CFAA9DDFCCF022BEB53E /* TransitKit */,
				952E419E3B8BBD7B14B998B8 /* TransitKitTests */,
			);
		};
/* End PBXProject section */

/* Begin PBXResourcesBuildPhase section */
		FE384A07054B86CAA9D06462 /* Resources */ = {
			isa = PBXResourcesBuildPhase;
			buildActionMask = 2147483647;
			files = (
				7299B1936085CA7C0D5F426B /* Assets.xcassets in Resources */,
				CE79C09A405CB39C12E6A380 /* GoogleService-Info.plist in Resources */,
				F4BF65978E9A7C3E9E3813A3 /* InfoPlist.xcstrings in Resources */,
				970DD3E8ABA1AF549AAAC5B9 /* Localizable.xcstrings in Resources */,
				471155655BEDD99FC715AB7E /* PrivacyInfo.xcprivacy in Resources */,
				35FDAB23947D090227ED347E /* config.json in Resources */,
				98A9534E14CA4F1B1DF87822 /* schedules.json in Resources */,
			);
			runOnlyForDeploymentPostprocessing = 0;
		};
/* End PBXResourcesBuildPhase section */

/* Begin PBXSourcesBuildPhase section */
		17F308F8C60A0264511E79FF /* Sources */ = {
			isa = PBXSourcesBuildPhase;
			buildActionMask = 2147483647;
			files = (
				C52AFB90BD321805702C6B01 /* PlaceholderTest.swift in Sources */,
				8560F7B08DFA544BC1BDD10C /* ScheduleDecodingTests.swift in Sources */,
			);
			runOnlyForDeploymentPostprocessing = 0;
		};
		EBBCE1C00E95CA1DDC199E77 /* Sources */ = {
			isa = PBXSourcesBuildPhase;
			buildActionMask = 2147483647;
			files = (
				3235692E84FBACB998E5BBE7 /* AccessibilityInfoView.swift in Sources */,
				5073C13E80A5BCDE7B111C6E /* AlertCard.swift in Sources */,
				E0D813D49D272A48BC20356E /* AlertDetailView.swift in Sources */,
				491FDF8B12CE9F19466E062B /* AlertListView.swift in Sources */,
				41D7758909CF2E3B14B6EB55 /* AlertStore.swift in Sources */,
				DC3D72EDB297D1729CA65084 /* AlertToastOverlay.swift in Sources */,
				E875CF350AC9BA5A24B460A6 /* AppDelegate.swift in Sources */,
				82FA0BD72B638FC82C500106 /* AppUpdateChecker.swift in Sources */,
				EB792D0FA0D15A4CB61D3AA2 /* ColorUtils.swift in Sources */,
				A7E7A82A3DE68C11BA6656D1 /* ConnectionsStore.swift in Sources */,
				465D6AA1DFA40BA37F62011A /* ContactInfoView.swift in Sources */,
				A187D445C8D1E57438EDC41F /* ContentView.swift in Sources */,
				52C01EFE8203A5A377A4FA1D /* DeepLinkRouter.swift in Sources */,
				CF82333AC918F9A07C2B1890 /* DepartureRow.swift in Sources */,
				6A0D75C54862E0398C5758E0 /* DirectionPills.swift in Sources */,
				A1E5AD549A70349C0ED89628 /* DockIndicators.swift in Sources */,
				570955E4E445283DADAE8C0E /* EmptyStateView.swift in Sources */,
				6C28DCB58324B1AB3E1E4422 /* ExpandedMapLineTrack.swift in Sources */,
				CAEEDD9CD5BC9C8D5B8B4DBD /* ExpandedMapOverlay.swift in Sources */,
				B68857B1DA7BAED7A5B10F2D /* FareInfoView.swift in Sources */,
				093E157BE0797EEFDBE6DE7A /* FavoritesListView.swift in Sources */,
				661FF8A42FCC29B7B74EB5C0 /* FavoritesManager.swift in Sources */,
				23DEEFDA9FD22463C9C348FD /* FilterChip.swift in Sources */,
				75BF9DB9D7CF61A90CEBA2E4 /* FlowLayout.swift in Sources */,
				4605592B594D1C24B1FF3158 /* ForceUpdateView.swift in Sources */,
				8DBC5753F101243CDB368805 /* FullScheduleSheet.swift in Sources */,
				6CE652E0DDE136C66F6F0FED /* GlassCard.swift in Sources */,
				E116BEC58F6BBEB1525D02F8 /* GtfsRtAlertHelpers.swift in Sources */,
				448380EE7003795E0300450E /* GtfsRtDecoder.swift in Sources */,
				B6E1C290F802C76A2679A05A /* HeadsignNormalizer.swift in Sources */,
				189C94AE0BF1C9D3D6AB86F9 /* HomeTab.swift in Sources */,
				43CCFBB0C53FA0CAFAF94AF0 /* Journey.swift in Sources */,
				D857E1BA67F87AB9B67C117C /* JourneyCard.swift in Sources */,
				06FFD5B6A277A4D2FEA6EE9D /* JourneyDetailView.swift in Sources */,
				28B441367397CD46A65670E2 /* JourneyMapView.swift in Sources */,
				12DD8560C237FA40F6C9984E /* LineBadge.swift in Sources */,
				84A2B8BDA416F613EFD73749 /* LineDetailView.swift in Sources */,
				BF93091B594950B89BAE5B01 /* LineFilterChip.swift in Sources */,
				9D390E6832E56529BB46181F /* LinePickerSheet.swift in Sources */,
				A70C511F5EC7CDCD85057E40 /* LineStopsMap.swift in Sources */,
				F189794232ECAE4227840D68 /* LinesListView.swift in Sources */,
				4325D83B1D615E6F3F94EA06 /* LiveBadge.swift in Sources */,
				B26BF0A92702AB726C842EBE /* LiveVehiclesSection.swift in Sources */,
				A1EC9562509A5D7B1FD08BCA /* LocationManager.swift in Sources */,
				97FD1942074FBC5A30261E46 /* LocationPickerMap.swift in Sources */,
				403398E0C0270E51F50F67A8 /* LocationPickerView.swift in Sources */,
				D394E8A32DE3511A87B2106F /* LucideIcon.swift in Sources */,
				1AB5B80CF57EA812533E06CE /* MapActiveRouteChip.swift in Sources */,
				9A874A83ACA91FBB5CE2D435 /* MapBackground.metal in Sources */,
				5CE6BC26E93DA296C3720F74 /* MapCircleButton.swift in Sources */,
				A7139FE92D9B81261286BE0B /* MapControlsColumn.swift in Sources */,
				4202488BD8DE478C5F167B97 /* MapExpandedControls.swift in Sources */,
				BC7894F2D9CE75723D0F692C /* MapFloatingOverlays.swift in Sources */,
				11FD835B0A2539934E548D77 /* MapLineFocusContent.swift in Sources */,
				91D73AB4317976D04456A5D4 /* MapSearchPill.swift in Sources */,
				5E5B23034730E1830246C761 /* MapZoomLevels.swift in Sources */,
				2EA54AB0AABB09A86E3ED092 /* MappaTab+Actions.swift in Sources */,
				D6C160C0BF1074C786C11059 /* MappaTab.swift in Sources */,
				D8ED0445D2DBD9191891E1FF /* NearbyStopCard.swift in Sources */,
				6334A3413535A5777E38BDDE /* OnboardingStoriesView.swift in Sources */,
				1DB7D0A77B4D8DE7DAAB9604 /* OperatorConfig.swift in Sources */,
				30C36588F7845ED1D525B5A6 /* OperatorInfoView.swift in Sources */,
				C9DFC9A8F4D9D6D08D9C96F7 /* OperatorShaderBackground.swift in Sources */,
				8FC053721E290F04C1C289C0 /* OperatorTimeZone.swift in Sources */,
				2BCA1D7672AA34A413EA9F64 /* OrariTab.swift in Sources */,
				21F7ABB7A17A817FB3B56E1E /* OverflowBadge.swift in Sources */,
				7E9F4D24C89CFB799F824424 /* PlannerHomeBox.swift in Sources */,
				2613A55B8C719E63F7C4FB48 /* PlannerLocation.swift in Sources */,
				0E3B58D6D489F95CFD11E41D /* PlannerScreen.swift in Sources */,
				F813D4C802D95DE8C17933C5 /* PressableButtonStyle.swift in Sources */,
				E45487C45B93C89C83457053 /* PushNotificationManager.swift in Sources */,
				866260AC62EFEE67EC7A1C23 /* RemoteRoutingProvider.swift in Sources */,
				5785D9F624777AC708F5FC1E /* RouteOverlay.swift in Sources */,
				7A9F2EDF896D4F377F7AF931 /* Schedule.swift in Sources */,
				289F832C5077F291F197874C /* ScheduleLoader.swift in Sources */,
				9348F246B0AD7805171D1AC0 /* ScheduleStore.swift in Sources */,
				104BD8CFDE2B1FD1AC43E64C /* SearchHistoryStore.swift in Sources */,
				406C239A45ADF598DD5F88BC /* ServiceDetailView.swift in Sources */,
				EED9AB87BFDB6F855D372E3E /* ServiziTab.swift in Sources */,
				B9D2D53997DA76D3C57489BA /* SettingsTab.swift in Sources */,
				07D82C491BAFD5FA8A68965E /* ShaderPlaygroundView.swift in Sources */,
				D98E3B0FA7E7F3BE5632A750 /* SheetCloseButton.swift in Sources */,
				58E4307F0EF6473220F053E8 /* SkeletonView.swift in Sources */,
				D0F4549811C262B90010191A /* SoftUpdateBanner.swift in Sources */,
				8E88CC564141F103CC24176B /* StopAlertsSection.swift in Sources */,
				28924DA06A3B5D02B0C0DCB6 /* StopAnnotationView.swift in Sources */,
				EDD673EC6CD887E9DDD47422 /* StopCard.swift in Sources */,
				B58FCF53043DB2955FCC1AA3 /* StopDetailView.swift in Sources */,
				48C3655F40177373AD878041 /* StopMapLabel.swift in Sources */,
				30E9F573C22D358FC846D364 /* StopMapSheet.swift in Sources */,
				0D3364F8923B6F37D3DD18D1 /* StopsListView.swift in Sources */,
				379B6C3D2E804EEE3E5257C7 /* TimeDisplay.swift in Sources */,
				A651F455DD5D78C38E388882 /* TransitKitApp.swift in Sources */,
				98DE59309962AC1F29836503 /* TransitKitSecrets.swift in Sources */,
				25F8BA243D5079C094A24A2F /* TransitMapView.swift in Sources */,
				7F5F190ECED7C0E360386483 /* TripDetailView.swift in Sources */,
				522D52776600CC2D56493829 /* VehicleAnnotationView.swift in Sources */,
				253B8533C1701FFDED93A5D0 /* VehicleDetailSheet.swift in Sources */,
				26367F96010FDBB436444C96 /* VehicleLiveCard.swift in Sources */,
				0472FBE04E76A45E27C5121C /* VehicleStore.swift in Sources */,
				1E59FD8DF62ADC4A346A4E94 /* ViewExtensions.swift in Sources */,
				05DC60EF173B5405A3393C92 /* WhenChipsRow.swift in Sources */,
			);
			runOnlyForDeploymentPostprocessing = 0;
		};
/* End PBXSourcesBuildPhase section */

/* Begin PBXTargetDependency section */
		2C6E862CC0CEA091B8FB5ED2 /* PBXTargetDependency */ = {
			isa = PBXTargetDependency;
			target = 1892CFAA9DDFCCF022BEB53E /* TransitKit */;
			targetProxy = 58C151666DA2D7B15C20616F /* PBXContainerItemProxy */;
		};
/* End PBXTargetDependency section */

/* Begin XCBuildConfiguration section */
		2735857F9CA8019EFEA23AA9 /* Debug */ = {
			isa = XCBuildConfiguration;
			buildSettings = {
				BUNDLE_LOADER = "$(TEST_HOST)";
				GENERATE_INFOPLIST_FILE = YES;
				IPHONEOS_DEPLOYMENT_TARGET = 17.0;
				LD_RUNPATH_SEARCH_PATHS = (
					"$(inherited)",
					"@executable_path/Frameworks",
					"@loader_path/Frameworks",
				);
				PRODUCT_BUNDLE_IDENTIFIER = com.transitkit.TransitKitTests;
				SDKROOT = iphoneos;
				TARGETED_DEVICE_FAMILY = "1,2";
				TEST_HOST = "$(BUILT_PRODUCTS_DIR)/TransitKit.app/TransitKit";
			};
			name = Debug;
		};
		3E51C8DEAAF1C32DEC8F5505 /* Release */ = {
			isa = XCBuildConfiguration;
			buildSettings = {
				APS_ENVIRONMENT = production;
				ASSETCATALOG_COMPILER_APPICON_NAME = AppIcon;
				CODE_SIGN_ENTITLEMENTS = TransitKit/Sources/App/TransitKit.entitlements;
				CODE_SIGN_IDENTITY = "iPhone Developer";
				CODE_SIGN_STYLE = Automatic;
				DEBUG_INFORMATION_FORMAT = "dwarf-with-dsym";
				DEVELOPMENT_TEAM = R56VCP5L45;
				ENABLE_TESTABILITY = NO;
				INFOPLIST_FILE = TransitKit/Sources/App/Info.plist;
				IPHONEOS_DEPLOYMENT_TARGET = 17.0;
				LD_RUNPATH_SEARCH_PATHS = (
					"$(inherited)",
					"@executable_path/Frameworks",
				);
				OPERATOR_ID = appalcart;
				PRODUCT_BUNDLE_IDENTIFIER = "com.transitkit.${OPERATOR_ID}";
				SDKROOT = iphoneos;
				SWIFT_COMPILATION_MODE = wholemodule;
				SWIFT_OPTIMIZATION_LEVEL = "-O";
				TARGETED_DEVICE_FAMILY = 1;
			};
			name = Release;
		};
		6B9ADDDCB479A49F72B47D6B /* Release */ = {
			isa = XCBuildConfiguration;
			buildSettings = {
				BUNDLE_LOADER = "$(TEST_HOST)";
				GENERATE_INFOPLIST_FILE = YES;
				IPHONEOS_DEPLOYMENT_TARGET = 17.0;
				LD_RUNPATH_SEARCH_PATHS = (
					"$(inherited)",
					"@executable_path/Frameworks",
					"@loader_path/Frameworks",
				);
				PRODUCT_BUNDLE_IDENTIFIER = com.transitkit.TransitKitTests;
				SDKROOT = iphoneos;
				TARGETED_DEVICE_FAMILY = "1,2";
				TEST_HOST = "$(BUILT_PRODUCTS_DIR)/TransitKit.app/TransitKit";
			};
			name = Release;
		};
		92477CFBEE0C15CA06EF1365 /* Debug */ = {
			isa = XCBuildConfiguration;
			buildSettings = {
				APS_ENVIRONMENT = development;
				ASSETCATALOG_COMPILER_APPICON_NAME = AppIcon;
				CODE_SIGN_ENTITLEMENTS = TransitKit/Sources/App/TransitKit.entitlements;
				CODE_SIGN_IDENTITY = "iPhone Developer";
				CODE_SIGN_STYLE = Automatic;
				DEVELOPMENT_TEAM = R56VCP5L45;
				ENABLE_TESTABILITY = YES;
				INFOPLIST_FILE = TransitKit/Sources/App/Info.plist;
				IPHONEOS_DEPLOYMENT_TARGET = 17.0;
				LD_RUNPATH_SEARCH_PATHS = (
					"$(inherited)",
					"@executable_path/Frameworks",
				);
				OPERATOR_ID = appalcart;
				PRODUCT_BUNDLE_IDENTIFIER = "com.transitkit.${OPERATOR_ID}";
				SDKROOT = iphoneos;
				SWIFT_COMPILATION_MODE = singlefile;
				SWIFT_OPTIMIZATION_LEVEL = "-Onone";
				TARGETED_DEVICE_FAMILY = 1;
			};
			name = Debug;
		};
		971FEE9319F33CB90A7575A3 /* Debug */ = {
			isa = XCBuildConfiguration;
			buildSettings = {
				ALWAYS_SEARCH_USER_PATHS = NO;
				CLANG_ANALYZER_NONNULL = YES;
				CLANG_ANALYZER_NUMBER_OBJECT_CONVERSION = YES_AGGRESSIVE;
				CLANG_CXX_LANGUAGE_STANDARD = "gnu++14";
				CLANG_CXX_LIBRARY = "libc++";
				CLANG_ENABLE_MODULES = YES;
				CLANG_ENABLE_OBJC_ARC = YES;
				CLANG_ENABLE_OBJC_WEAK = YES;
				CLANG_WARN_BLOCK_CAPTURE_AUTORELEASING = YES;
				CLANG_WARN_BOOL_CONVERSION = YES;
				CLANG_WARN_COMMA = YES;
				CLANG_WARN_CONSTANT_CONVERSION = YES;
				CLANG_WARN_DEPRECATED_OBJC_IMPLEMENTATIONS = YES;
				CLANG_WARN_DIRECT_OBJC_ISA_USAGE = YES_ERROR;
				CLANG_WARN_DOCUMENTATION_COMMENTS = YES;
				CLANG_WARN_EMPTY_BODY = YES;
				CLANG_WARN_ENUM_CONVERSION = YES;
				CLANG_WARN_INFINITE_RECURSION = YES;
				CLANG_WARN_INT_CONVERSION = YES;
				CLANG_WARN_NON_LITERAL_NULL_CONVERSION = YES;
				CLANG_WARN_OBJC_IMPLICIT_RETAIN_SELF = YES;
				CLANG_WARN_OBJC_LITERAL_CONVERSION = YES;
				CLANG_WARN_OBJC_ROOT_CLASS = YES_ERROR;
				CLANG_WARN_QUOTED_INCLUDE_IN_FRAMEWORK_HEADER = YES;
				CLANG_WARN_RANGE_LOOP_ANALYSIS = YES;
				CLANG_WARN_STRICT_PROTOTYPES = YES;
				CLANG_WARN_SUSPICIOUS_MOVE = YES;
				CLANG_WARN_UNGUARDED_AVAILABILITY = YES_AGGRESSIVE;
				CLANG_WARN_UNREACHABLE_CODE = YES;
				CLANG_WARN__DUPLICATE_METHOD_MATCH = YES;
				COPY_PHASE_STRIP = NO;
				DEBUG_INFORMATION_FORMAT = dwarf;
				ENABLE_PREVIEWS = YES;
				ENABLE_STRICT_OBJC_MSGSEND = YES;
				ENABLE_TESTABILITY = YES;
				GCC_C_LANGUAGE_STANDARD = gnu11;
				GCC_DYNAMIC_NO_PIC = NO;
				GCC_NO_COMMON_BLOCKS = YES;
				GCC_OPTIMIZATION_LEVEL = 0;
				GCC_PREPROCESSOR_DEFINITIONS = (
					"$(inherited)",
					"DEBUG=1",
				);
				GCC_WARN_64_TO_32_BIT_CONVERSION = YES;
				GCC_WARN_ABOUT_RETURN_TYPE = YES_ERROR;
				GCC_WARN_UNDECLARED_SELECTOR = YES;
				GCC_WARN_UNINITIALIZED_AUTOS = YES_AGGRESSIVE;
				GCC_WARN_UNUSED_FUNCTION = YES;
				GCC_WARN_UNUSED_VARIABLE = YES;
				IPHONEOS_DEPLOYMENT_TARGET = 17.0;
				MTL_ENABLE_DEBUG_INFO = INCLUDE_SOURCE;
				MTL_FAST_MATH = YES;
				ONLY_ACTIVE_ARCH = YES;
				PRODUCT_NAME = "$(TARGET_NAME)";
				SDKROOT = iphoneos;
				SWIFT_ACTIVE_COMPILATION_CONDITIONS = DEBUG;
				SWIFT_OPTIMIZATION_LEVEL = "-Onone";
				SWIFT_STRICT_CONCURRENCY = complete;
				SWIFT_VERSION = 6.0;
			};
			name = Debug;
		};
		9DBCDF8B58016ECC113E1E51 /* Release */ = {
			isa = XCBuildConfiguration;
			buildSettings = {
				ALWAYS_SEARCH_USER_PATHS = NO;
				CLANG_ANALYZER_NONNULL = YES;
				CLANG_ANALYZER_NUMBER_OBJECT_CONVERSION = YES_AGGRESSIVE;
				CLANG_CXX_LANGUAGE_STANDARD = "gnu++14";
				CLANG_CXX_LIBRARY = "libc++";
				CLANG_ENABLE_MODULES = YES;
				CLANG_ENABLE_OBJC_ARC = YES;
				CLANG_ENABLE_OBJC_WEAK = YES;
				CLANG_WARN_BLOCK_CAPTURE_AUTORELEASING = YES;
				CLANG_WARN_BOOL_CONVERSION = YES;
				CLANG_WARN_COMMA = YES;
				CLANG_WARN_CONSTANT_CONVERSION = YES;
				CLANG_WARN_DEPRECATED_OBJC_IMPLEMENTATIONS = YES;
				CLANG_WARN_DIRECT_OBJC_ISA_USAGE = YES_ERROR;
				CLANG_WARN_DOCUMENTATION_COMMENTS = YES;
				CLANG_WARN_EMPTY_BODY = YES;
				CLANG_WARN_ENUM_CONVERSION = YES;
				CLANG_WARN_INFINITE_RECURSION = YES;
				CLANG_WARN_INT_CONVERSION = YES;
				CLANG_WARN_NON_LITERAL_NULL_CONVERSION = YES;
				CLANG_WARN_OBJC_IMPLICIT_RETAIN_SELF = YES;
				CLANG_WARN_OBJC_LITERAL_CONVERSION = YES;
				CLANG_WARN_OBJC_ROOT_CLASS = YES_ERROR;
				CLANG_WARN_QUOTED_INCLUDE_IN_FRAMEWORK_HEADER = YES;
				CLANG_WARN_RANGE_LOOP_ANALYSIS = YES;
				CLANG_WARN_STRICT_PROTOTYPES = YES;
				CLANG_WARN_SUSPICIOUS_MOVE = YES;
				CLANG_WARN_UNGUARDED_AVAILABILITY = YES_AGGRESSIVE;
				CLANG_WARN_UNREACHABLE_CODE = YES;
				CLANG_WARN__DUPLICATE_METHOD_MATCH = YES;
				COPY_PHASE_STRIP = NO;
				DEBUG_INFORMATION_FORMAT = "dwarf-with-dsym";
				ENABLE_NS_ASSERTIONS = NO;
				ENABLE_PREVIEWS = YES;
				ENABLE_STRICT_OBJC_MSGSEND = YES;
				GCC_C_LANGUAGE_STANDARD = gnu11;
				GCC_NO_COMMON_BLOCKS = YES;
				GCC_WARN_64_TO_32_BIT_CONVERSION = YES;
				GCC_WARN_ABOUT_RETURN_TYPE = YES_ERROR;
				GCC_WARN_UNDECLARED_SELECTOR = YES;
				GCC_WARN_UNINITIALIZED_AUTOS = YES_AGGRESSIVE;
				GCC_WARN_UNUSED_FUNCTION = YES;
				GCC_WARN_UNUSED_VARIABLE = YES;
				IPHONEOS_DEPLOYMENT_TARGET = 17.0;
				MTL_ENABLE_DEBUG_INFO = NO;
				MTL_FAST_MATH = YES;
				PRODUCT_NAME = "$(TARGET_NAME)";
				SDKROOT = iphoneos;
				SWIFT_COMPILATION_MODE = wholemodule;
				SWIFT_OPTIMIZATION_LEVEL = "-O";
				SWIFT_STRICT_CONCURRENCY = complete;
				SWIFT_VERSION = 6.0;
			};
			name = Release;
		};
/* End XCBuildConfiguration section */

/* Begin XCConfigurationList section */
		8B3E550FF8DD40FCA1B09A89 /* Build configuration list for PBXNativeTarget "TransitKit" */ = {
			isa = XCConfigurationList;
			buildConfigurations = (
				92477CFBEE0C15CA06EF1365 /* Debug */,
				3E51C8DEAAF1C32DEC8F5505 /* Release */,
			);
			defaultConfigurationIsVisible = 0;
			defaultConfigurationName = Debug;
		};
		9BCB9D33D6DA573CFC79F5B8 /* Build configuration list for PBXNativeTarget "TransitKitTests" */ = {
			isa = XCConfigurationList;
			buildConfigurations = (
				2735857F9CA8019EFEA23AA9 /* Debug */,
				6B9ADDDCB479A49F72B47D6B /* Release */,
			);
			defaultConfigurationIsVisible = 0;
			defaultConfigurationName = Debug;
		};
		ED38CB54D84CE5048C21D2BD /* Build configuration list for PBXProject "TransitKit" */ = {
			isa = XCConfigurationList;
			buildConfigurations = (
				971FEE9319F33CB90A7575A3 /* Debug */,
				9DBCDF8B58016ECC113E1E51 /* Release */,
			);
			defaultConfigurationIsVisible = 0;
			defaultConfigurationName = Debug;
		};
/* End XCConfigurationList section */

/* Begin XCRemoteSwiftPackageReference section */
		BFDADACE3D66AC57EFA32959 /* XCRemoteSwiftPackageReference "firebase-ios-sdk" */ = {
			isa = XCRemoteSwiftPackageReference;
			repositoryURL = "https://github.com/firebase/firebase-ios-sdk.git";
			requirement = {
				kind = upToNextMajorVersion;
				minimumVersion = 11.0.0;
			};
		};
/* End XCRemoteSwiftPackageReference section */

/* Begin XCSwiftPackageProductDependency section */
		B5D39E43E8CCB77BFC9B1CE6 /* FirebaseMessaging */ = {
			isa = XCSwiftPackageProductDependency;
			package = BFDADACE3D66AC57EFA32959 /* XCRemoteSwiftPackageReference "firebase-ios-sdk" */;
			productName = FirebaseMessaging;
		};
/* End XCSwiftPackageProductDependency section */
	};
	rootObject = D5E7C2F9F16F7F694B4DD03C /* Project object */;
}
